<Solution>
  <Configurations>
    <Platform Name="Any CPU" />
    <Platform Name="ARM" />
    <Platform Name="ARM64" />
    <Platform Name="x64" />
    <Platform Name="x86" />
  </Configurations>
  <Project Path="../MLTrainer/MLTrainer.csproj" Id="c3f17863-77ad-40df-9637-0550cd1bbc32" />
  <Project Path="../TopicClusteringML/TopicClusteringML.csproj" Id="b36f693f-4d11-4e4d-84e7-06a9c71fa757" />
  <Project Path="StudentEvalSentiment.csproj" />
</Solution>
